{
  "name": "application-name",
  "version": "0.0.1",
  "dependencies": {
    "express": {
      "version": "3.2.4",
      "from": "https://registry.npmjs.org/express/-/express-3.2.4.tgz",
      "resolved": "https://registry.npmjs.org/express/-/express-3.2.4.tgz",
      "dependencies": {
        "connect": {
          "version": "2.7.9",
          "from": "https://registry.npmjs.org/connect/-/connect-2.7.9.tgz",
          "resolved": "https://registry.npmjs.org/connect/-/connect-2.7.9.tgz",
          "dependencies": {
            "qs": {
              "version": "0.6.4",
              "from": "https://registry.npmjs.org/qs/-/qs-0.6.4.tgz",
              "resolved": "https://registry.npmjs.org/qs/-/qs-0.6.4.tgz"
            },
            "formidable": {
              "version": "1.0.13",
              "from": "formidable@1.0.13",
              "resolved": "https://registry.npmjs.org/formidable/-/formidable-1.0.13.tgz"
            },
            "bytes": {
              "version": "0.2.0",
              "from": "https://registry.npmjs.org/bytes/-/bytes-0.2.0.tgz",
              "resolved": "https://registry.npmjs.org/bytes/-/bytes-0.2.0.tgz"
            },
            "pause": {
              "version": "0.0.1",
              "from": "https://registry.npmjs.org/pause/-/pause-0.0.1.tgz",
              "resolved": "https://registry.npmjs.org/pause/-/pause-0.0.1.tgz"
            }
          }
        },
        "commander": {
          "version": "0.6.1",
          "from": "https://registry.npmjs.org/commander/-/commander-0.6.1.tgz",
          "resolved": "https://registry.npmjs.org/commander/-/commander-0.6.1.tgz"
        },
        "range-parser": {
          "version": "0.0.4",
          "from": "https://registry.npmjs.org/range-parser/-/range-parser-0.0.4.tgz",
          "resolved": "https://registry.npmjs.org/range-parser/-/range-parser-0.0.4.tgz"
        },
        "mkdirp": {
          "version": "0.3.4",
          "from": "https://registry.npmjs.org/mkdirp/-/mkdirp-0.3.4.tgz",
          "resolved": "https://registry.npmjs.org/mkdirp/-/mkdirp-0.3.4.tgz"
        },
        "cookie": {
          "version": "0.0.5",
          "from": "https://registry.npmjs.org/cookie/-/cookie-0.0.5.tgz",
          "resolved": "https://registry.npmjs.org/cookie/-/cookie-0.0.5.tgz"
        },
        "buffer-crc32": {
          "version": "0.2.1",
          "from": "https://registry.npmjs.org/buffer-crc32/-/buffer-crc32-0.2.1.tgz",
          "resolved": "https://registry.npmjs.org/buffer-crc32/-/buffer-crc32-0.2.1.tgz"
        },
        "fresh": {
          "version": "0.1.0",
          "from": "https://registry.npmjs.org/fresh/-/fresh-0.1.0.tgz",
          "resolved": "https://registry.npmjs.org/fresh/-/fresh-0.1.0.tgz"
        },
        "methods": {
          "version": "0.0.1",
          "from": "https://registry.npmjs.org/methods/-/methods-0.0.1.tgz",
          "resolved": "https://registry.npmjs.org/methods/-/methods-0.0.1.tgz"
        },
        "send": {
          "version": "0.1.0",
          "from": "https://registry.npmjs.org/send/-/send-0.1.0.tgz",
          "resolved": "https://registry.npmjs.org/send/-/send-0.1.0.tgz",
          "dependencies": {
            "mime": {
              "version": "1.2.6",
              "from": "mime@1.2.6",
              "resolved": "https://registry.npmjs.org/mime/-/mime-1.2.6.tgz"
            }
          }
        },
        "cookie-signature": {
          "version": "1.0.1",
          "from": "https://registry.npmjs.org/cookie-signature/-/cookie-signature-1.0.1.tgz",
          "resolved": "https://registry.npmjs.org/cookie-signature/-/cookie-signature-1.0.1.tgz"
        },
        "debug": {
          "version": "0.7.2",
          "from": "https://registry.npmjs.org/debug/-/debug-0.7.2.tgz",
          "resolved": "https://registry.npmjs.org/debug/-/debug-0.7.2.tgz"
        }
      }
    },
    "jade": {
      "version": "0.31.1",
      "from": "jade@0.31.1",
      "resolved": "https://registry.npmjs.org/jade/-/jade-0.31.1.tgz",
      "dependencies": {
        "commander": {
          "version": "1.1.1",
          "from": "https://registry.npmjs.org/commander/-/commander-1.1.1.tgz",
          "resolved": "https://registry.npmjs.org/commander/-/commander-1.1.1.tgz",
          "dependencies": {
            "keypress": {
              "version": "0.1.0",
              "from": "https://registry.npmjs.org/keypress/-/keypress-0.1.0.tgz",
              "resolved": "https://registry.npmjs.org/keypress/-/keypress-0.1.0.tgz"
            }
          }
        },
        "mkdirp": {
          "version": "0.3.5",
          "from": "https://registry.npmjs.org/mkdirp/-/mkdirp-0.3.5.tgz",
          "resolved": "https://registry.npmjs.org/mkdirp/-/mkdirp-0.3.5.tgz"
        },
        "transformers": {
          "version": "2.0.1",
          "from": "https://registry.npmjs.org/transformers/-/transformers-2.0.1.tgz",
          "resolved": "https://registry.npmjs.org/transformers/-/transformers-2.0.1.tgz",
          "dependencies": {
            "promise": {
              "version": "2.0.0",
              "from": "https://registry.npmjs.org/promise/-/promise-2.0.0.tgz",
              "resolved": "https://registry.npmjs.org/promise/-/promise-2.0.0.tgz",
              "dependencies": {
                "is-promise": {
                  "version": "1.0.0",
                  "from": "https://registry.npmjs.org/is-promise/-/is-promise-1.0.0.tgz",
                  "resolved": "https://registry.npmjs.org/is-promise/-/is-promise-1.0.0.tgz"
                }
              }
            },
            "css": {
              "version": "1.0.8",
              "from": "https://registry.npmjs.org/css/-/css-1.0.8.tgz",
              "resolved": "https://registry.npmjs.org/css/-/css-1.0.8.tgz",
              "dependencies": {
                "css-parse": {
                  "version": "1.0.4",
                  "from": "https://registry.npmjs.org/css-parse/-/css-parse-1.0.4.tgz",
                  "resolved": "https://registry.npmjs.org/css-parse/-/css-parse-1.0.4.tgz"
                },
                "css-stringify": {
                  "version": "1.0.5",
                  "from": "https://registry.npmjs.org/css-stringify/-/css-stringify-1.0.5.tgz",
                  "resolved": "https://registry.npmjs.org/css-stringify/-/css-stringify-1.0.5.tgz"
                }
              }
            },
            "uglify-js": {
              "version": "2.2.5",
              "from": "uglify-js@2.2.5",
              "resolved": "https://registry.npmjs.org/uglify-js/-/uglify-js-2.2.5.tgz",
              "dependencies": {
                "source-map": {
                  "version": "0.1.22",
                  "from": "https://registry.npmjs.org/source-map/-/source-map-0.1.22.tgz",
                  "resolved": "https://registry.npmjs.org/source-map/-/source-map-0.1.22.tgz",
                  "dependencies": {
                    "amdefine": {
                      "version": "0.0.5",
                      "from": "amdefine@0.0.5",
                      "resolved": "https://registry.npmjs.org/amdefine/-/amdefine-0.0.5.tgz"
                    }
                  }
                },
                "optimist": {
                  "version": "0.3.7",
                  "from": "https://registry.npmjs.org/optimist/-/optimist-0.3.7.tgz",
                  "resolved": "https://registry.npmjs.org/optimist/-/optimist-0.3.7.tgz",
                  "dependencies": {
                    "wordwrap": {
                      "version": "0.0.2",
                      "from": "https://registry.npmjs.org/wordwrap/-/wordwrap-0.0.2.tgz",
                      "resolved": "https://registry.npmjs.org/wordwrap/-/wordwrap-0.0.2.tgz"
                    }
                  }
                }
              }
            }
          }
        },
        "character-parser": {
          "version": "1.0.2",
          "from": "character-parser@1.0.2",
          "resolved": "https://registry.npmjs.org/character-parser/-/character-parser-1.0.2.tgz"
        },
        "monocle": {
          "version": "0.1.48",
          "from": "https://registry.npmjs.org/monocle/-/monocle-0.1.48.tgz",
          "resolved": "https://registry.npmjs.org/monocle/-/monocle-0.1.48.tgz",
          "dependencies": {
            "readdirp": {
              "version": "0.2.4",
              "from": "readdirp@0.2.4",
              "resolved": "https://registry.npmjs.org/readdirp/-/readdirp-0.2.4.tgz",
              "dependencies": {
                "minimatch": {
                  "version": "0.2.12",
                  "from": "https://registry.npmjs.org/minimatch/-/minimatch-0.2.12.tgz",
                  "resolved": "https://registry.npmjs.org/minimatch/-/minimatch-0.2.12.tgz",
                  "dependencies": {
                    "lru-cache": {
                      "version": "2.3.0",
                      "from": "https://registry.npmjs.org/lru-cache/-/lru-cache-2.3.0.tgz",
                      "resolved": "https://registry.npmjs.org/lru-cache/-/lru-cache-2.3.0.tgz"
                    },
                    "sigmund": {
                      "version": "1.0.0",
                      "from": "sigmund@1.0.0",
                      "resolved": "https://registry.npmjs.org/sigmund/-/sigmund-1.0.0.tgz"
                    }
                  }
                }
              }
            }
          }
        },
        "with": {
          "version": "1.0.4",
          "from": "https://registry.npmjs.org/with/-/with-1.0.4.tgz",
          "resolved": "https://registry.npmjs.org/with/-/with-1.0.4.tgz",
          "dependencies": {
            "lexical-scope": {
              "version": "0.0.12",
              "from": "https://registry.npmjs.org/lexical-scope/-/lexical-scope-0.0.12.tgz",
              "resolved": "https://registry.npmjs.org/lexical-scope/-/lexical-scope-0.0.12.tgz",
              "dependencies": {
                "astw": {
                  "version": "0.0.0",
                  "from": "https://registry.npmjs.org/astw/-/astw-0.0.0.tgz",
                  "resolved": "https://registry.npmjs.org/astw/-/astw-0.0.0.tgz",
                  "dependencies": {
                    "esprima": {
                      "version": "1.0.2",
                      "from": "esprima@1.0.2",
                      "resolved": "https://registry.npmjs.org/esprima/-/esprima-1.0.2.tgz"
                    }
                  }
                }
              }
            }
          }
        }
      }
    },
    "mongoose": {
      "version": "3.6.11",
      "from": "https://registry.npmjs.org/mongoose/-/mongoose-3.6.11.tgz",
      "resolved": "https://registry.npmjs.org/mongoose/-/mongoose-3.6.11.tgz",
      "dependencies": {
        "hooks": {
          "version": "0.2.1",
          "from": "https://registry.npmjs.org/hooks/-/hooks-0.2.1.tgz",
          "resolved": "https://registry.npmjs.org/hooks/-/hooks-0.2.1.tgz"
        },
        "mongodb": {
          "version": "1.3.5",
          "from": "https://registry.npmjs.org/mongodb/-/mongodb-1.3.5.tgz",
          "resolved": "https://registry.npmjs.org/mongodb/-/mongodb-1.3.5.tgz",
          "dependencies": {
            "bson": {
              "version": "0.1.8",
              "from": "https://registry.npmjs.org/bson/-/bson-0.1.8.tgz",
              "resolved": "https://registry.npmjs.org/bson/-/bson-0.1.8.tgz"
            },
            "kerberos": {
              "version": "0.0.2",
              "from": "https://registry.npmjs.org/kerberos/-/kerberos-0.0.2.tgz",
              "resolved": "https://registry.npmjs.org/kerberos/-/kerberos-0.0.2.tgz"
            }
          }
        },
        "ms": {
          "version": "0.1.0",
          "from": "https://registry.npmjs.org/ms/-/ms-0.1.0.tgz",
          "resolved": "https://registry.npmjs.org/ms/-/ms-0.1.0.tgz"
        },
        "sliced": {
          "version": "0.0.3",
          "from": "https://registry.npmjs.org/sliced/-/sliced-0.0.3.tgz",
          "resolved": "https://registry.npmjs.org/sliced/-/sliced-0.0.3.tgz"
        },
        "muri": {
          "version": "0.3.1",
          "from": "https://registry.npmjs.org/muri/-/muri-0.3.1.tgz",
          "resolved": "https://registry.npmjs.org/muri/-/muri-0.3.1.tgz"
        },
        "mpromise": {
          "version": "0.2.1",
          "from": "https://registry.npmjs.org/mpromise/-/mpromise-0.2.1.tgz",
          "resolved": "https://registry.npmjs.org/mpromise/-/mpromise-0.2.1.tgz",
          "dependencies": {
            "sliced": {
              "version": "0.0.4",
              "from": "https://registry.npmjs.org/sliced/-/sliced-0.0.4.tgz",
              "resolved": "https://registry.npmjs.org/sliced/-/sliced-0.0.4.tgz"
            }
          }
        },
        "mpath": {
          "version": "0.1.1",
          "from": "https://registry.npmjs.org/mpath/-/mpath-0.1.1.tgz",
          "resolved": "https://registry.npmjs.org/mpath/-/mpath-0.1.1.tgz"
        },
        "regexp-clone": {
          "version": "0.0.1",
          "from": "https://registry.npmjs.org/regexp-clone/-/regexp-clone-0.0.1.tgz",
          "resolved": "https://registry.npmjs.org/regexp-clone/-/regexp-clone-0.0.1.tgz"
        }
      }
    },
    "geocoder": {
      "version": "0.1.0",
      "from": "https://registry.npmjs.org/geocoder/-/geocoder-0.1.0.tgz",
      "resolved": "https://registry.npmjs.org/geocoder/-/geocoder-0.1.0.tgz",
      "dependencies": {
        "hashish": {
          "version": "0.0.4",
          "from": "https://registry.npmjs.org/hashish/-/hashish-0.0.4.tgz",
          "resolved": "https://registry.npmjs.org/hashish/-/hashish-0.0.4.tgz",
          "dependencies": {
            "traverse": {
              "version": "0.6.3",
              "from": "https://registry.npmjs.org/traverse/-/traverse-0.6.3.tgz",
              "resolved": "https://registry.npmjs.org/traverse/-/traverse-0.6.3.tgz"
            }
          }
        }
      }
    },
    "winston": {
      "version": "0.7.1",
      "from": "https://registry.npmjs.org/winston/-/winston-0.7.1.tgz",
      "resolved": "https://registry.npmjs.org/winston/-/winston-0.7.1.tgz",
      "dependencies": {
        "async": {
          "version": "0.2.9",
          "from": "https://registry.npmjs.org/async/-/async-0.2.9.tgz",
          "resolved": "https://registry.npmjs.org/async/-/async-0.2.9.tgz"
        },
        "colors": {
          "version": "0.6.0-1",
          "from": "https://registry.npmjs.org/colors/-/colors-0.6.0-1.tgz",
          "resolved": "https://registry.npmjs.org/colors/-/colors-0.6.0-1.tgz"
        },
        "cycle": {
          "version": "1.0.2",
          "from": "https://registry.npmjs.org/cycle/-/cycle-1.0.2.tgz",
          "resolved": "https://registry.npmjs.org/cycle/-/cycle-1.0.2.tgz"
        },
        "eyes": {
          "version": "0.1.8",
          "from": "https://registry.npmjs.org/eyes/-/eyes-0.1.8.tgz",
          "resolved": "https://registry.npmjs.org/eyes/-/eyes-0.1.8.tgz"
        },
        "pkginfo": {
          "version": "0.3.0",
          "from": "https://registry.npmjs.org/pkginfo/-/pkginfo-0.3.0.tgz",
          "resolved": "https://registry.npmjs.org/pkginfo/-/pkginfo-0.3.0.tgz"
        },
        "request": {
          "version": "2.16.6",
          "from": "https://registry.npmjs.org/request/-/request-2.16.6.tgz",
          "resolved": "https://registry.npmjs.org/request/-/request-2.16.6.tgz",
          "dependencies": {
            "form-data": {
              "version": "0.0.10",
              "from": "https://registry.npmjs.org/form-data/-/form-data-0.0.10.tgz",
              "resolved": "https://registry.npmjs.org/form-data/-/form-data-0.0.10.tgz",
              "dependencies": {
                "combined-stream": {
                  "version": "0.0.4",
                  "from": "https://registry.npmjs.org/combined-stream/-/combined-stream-0.0.4.tgz",
                  "resolved": "https://registry.npmjs.org/combined-stream/-/combined-stream-0.0.4.tgz",
                  "dependencies": {
                    "delayed-stream": {
                      "version": "0.0.5",
                      "from": "https://registry.npmjs.org/delayed-stream/-/delayed-stream-0.0.5.tgz",
                      "resolved": "https://registry.npmjs.org/delayed-stream/-/delayed-stream-0.0.5.tgz"
                    }
                  }
                }
              }
            },
            "mime": {
              "version": "1.2.9",
              "from": "https://registry.npmjs.org/mime/-/mime-1.2.9.tgz",
              "resolved": "https://registry.npmjs.org/mime/-/mime-1.2.9.tgz"
            },
            "hawk": {
              "version": "0.10.2",
              "from": "https://registry.npmjs.org/hawk/-/hawk-0.10.2.tgz",
              "resolved": "https://registry.npmjs.org/hawk/-/hawk-0.10.2.tgz",
              "dependencies": {
                "hoek": {
                  "version": "0.7.6",
                  "from": "https://registry.npmjs.org/hoek/-/hoek-0.7.6.tgz",
                  "resolved": "https://registry.npmjs.org/hoek/-/hoek-0.7.6.tgz"
                },
                "boom": {
                  "version": "0.3.8",
                  "from": "https://registry.npmjs.org/boom/-/boom-0.3.8.tgz",
                  "resolved": "https://registry.npmjs.org/boom/-/boom-0.3.8.tgz"
                },
                "cryptiles": {
                  "version": "0.1.3",
                  "from": "https://registry.npmjs.org/cryptiles/-/cryptiles-0.1.3.tgz",
                  "resolved": "https://registry.npmjs.org/cryptiles/-/cryptiles-0.1.3.tgz"
                },
                "sntp": {
                  "version": "0.1.4",
                  "from": "https://registry.npmjs.org/sntp/-/sntp-0.1.4.tgz",
                  "resolved": "https://registry.npmjs.org/sntp/-/sntp-0.1.4.tgz"
                }
              }
            },
            "node-uuid": {
              "version": "1.4.0",
              "from": "https://registry.npmjs.org/node-uuid/-/node-uuid-1.4.0.tgz",
              "resolved": "https://registry.npmjs.org/node-uuid/-/node-uuid-1.4.0.tgz"
            },
            "cookie-jar": {
              "version": "0.2.0",
              "from": "https://registry.npmjs.org/cookie-jar/-/cookie-jar-0.2.0.tgz",
              "resolved": "https://registry.npmjs.org/cookie-jar/-/cookie-jar-0.2.0.tgz"
            },
            "aws-sign": {
              "version": "0.2.0",
              "from": "https://registry.npmjs.org/aws-sign/-/aws-sign-0.2.0.tgz",
              "resolved": "https://registry.npmjs.org/aws-sign/-/aws-sign-0.2.0.tgz"
            },
            "oauth-sign": {
              "version": "0.2.0",
              "from": "https://registry.npmjs.org/oauth-sign/-/oauth-sign-0.2.0.tgz",
              "resolved": "https://registry.npmjs.org/oauth-sign/-/oauth-sign-0.2.0.tgz"
            },
            "forever-agent": {
              "version": "0.2.0",
              "from": "https://registry.npmjs.org/forever-agent/-/forever-agent-0.2.0.tgz",
              "resolved": "https://registry.npmjs.org/forever-agent/-/forever-agent-0.2.0.tgz"
            },
            "tunnel-agent": {
              "version": "0.2.0",
              "from": "https://registry.npmjs.org/tunnel-agent/-/tunnel-agent-0.2.0.tgz",
              "resolved": "https://registry.npmjs.org/tunnel-agent/-/tunnel-agent-0.2.0.tgz"
            },
            "json-stringify-safe": {
              "version": "3.0.0",
              "from": "https://registry.npmjs.org/json-stringify-safe/-/json-stringify-safe-3.0.0.tgz",
              "resolved": "https://registry.npmjs.org/json-stringify-safe/-/json-stringify-safe-3.0.0.tgz"
            },
            "qs": {
              "version": "0.5.6",
              "from": "https://registry.npmjs.org/qs/-/qs-0.5.6.tgz",
              "resolved": "https://registry.npmjs.org/qs/-/qs-0.5.6.tgz"
            }
          }
        },
        "stack-trace": {
          "version": "0.0.6",
          "from": "https://registry.npmjs.org/stack-trace/-/stack-trace-0.0.6.tgz",
          "resolved": "https://registry.npmjs.org/stack-trace/-/stack-trace-0.0.6.tgz"
        }
      }
    },
    "config": {
      "version": "0.4.27",
      "from": "config@0.4.27",
      "resolved": "https://registry.npmjs.org/config/-/config-0.4.27.tgz"
    },
    "yaml": {
      "version": "0.2.3",
      "from": "yaml@0.2.3",
      "resolved": "https://registry.npmjs.org/yaml/-/yaml-0.2.3.tgz"
    },
    "passport-local": {
      "version": "0.1.6",
      "from": "passport-local@",
      "resolved": "https://registry.npmjs.org/passport-local/-/passport-local-0.1.6.tgz",
      "dependencies": {
        "pkginfo": {
          "version": "0.2.3",
          "from": "pkginfo@0.2.x"
        },
        "passport": {
          "version": "0.1.17",
          "from": "passport@~0.1.1",
          "resolved": "https://registry.npmjs.org/passport/-/passport-0.1.17.tgz",
          "dependencies": {
            "pause": {
              "version": "0.0.1",
              "from": "pause@0.0.1"
            }
          }
        }
      }
    },
    "passport": {
      "version": "0.1.17",
      "from": "passport@",
      "dependencies": {
        "pkginfo": {
          "version": "0.2.3",
          "from": "pkginfo@0.2.x"
        },
        "pause": {
          "version": "0.0.1",
          "from": "pause@0.0.1"
        }
      }
    },
    "bcrypt": {
      "version": "0.7.6",
      "from": "bcrypt@",
      "resolved": "https://registry.npmjs.org/bcrypt/-/bcrypt-0.7.6.tgz",
      "dependencies": {
        "bindings": {
          "version": "1.0.0",
          "from": "bindings@1.0.0",
          "resolved": "https://registry.npmjs.org/bindings/-/bindings-1.0.0.tgz"
        }
      }
    },
    "connect-flash": {
      "version": "0.1.1",
      "from": "connect-flash@",
      "resolved": "https://registry.npmjs.org/connect-flash/-/connect-flash-0.1.1.tgz"
    }
  }
}
